
Microsoft Visual Studio Solution File, Format Version 12.00
# Visual Studio 15
VisualStudioVersion = 15.0.26124.0
MinimumVisualStudioVersion = 15.0.26124.0
Project("{FAE04EC0-301F-11D3-BF4B-00C04F79EFBC}") = "CQRS.NET", "CQRS.NET\CQRS.NET.csproj", "{7604FBD2-4DD2-40CE-A34F-CF5D8C5DC2AB}"
EndProject
Project("{FAE04EC0-301F-11D3-BF4B-00C04F79EFBC}") = "CQRS.NET.Autofac", "CQRS.NET.Autofac\CQRS.NET.Autofac.csproj", "{58C889F5-FC75-4949-9956-F83F37A1B38C}"
EndProject
Project("{FAE04EC0-301F-11D3-BF4B-00C04F79EFBC}") = "CQRS.NET.Autofac.Tests", "CQRS.NET.Autofac.Tests\CQRS.NET.Autofac.Tests.csproj", "{A66833B4-FD8A-433A-B07E-AF4AEE2420DF}"
EndProject
Global
	GlobalSection(SolutionConfigurationPlatforms) = preSolution
		Debug|Any CPU = Debug|Any CPU
		Debug|x64 = Debug|x64
		Debug|x86 = Debug|x86
		Release|Any CPU = Release|Any CPU
		Release|x64 = Release|x64
		Release|x86 = Release|x86
	EndGlobalSection
	GlobalSection(SolutionProperties) = preSolution
		HideSolutionNode = FALSE
	EndGlobalSection
	GlobalSection(ProjectConfigurationPlatforms) = postSolution
		{7604FBD2-4DD2-40CE-A34F-CF5D8C5DC2AB}.Debug|Any CPU.ActiveCfg = Debug|Any CPU
		{7604FBD2-4DD2-40CE-A34F-CF5D8C5DC2AB}.Debug|Any CPU.Build.0 = Debug|Any CPU
		{7604FBD2-4DD2-40CE-A34F-CF5D8C5DC2AB}.Debug|x64.ActiveCfg = Debug|Any CPU
		{7604FBD2-4DD2-40CE-A34F-CF5D8C5DC2AB}.Debug|x64.Build.0 = Debug|Any CPU
		{7604FBD2-4DD2-40CE-A34F-CF5D8C5DC2AB}.Debug|x86.ActiveCfg = Debug|Any CPU
		{7604FBD2-4DD2-40CE-A34F-CF5D8C5DC2AB}.Debug|x86.Build.0 = Debug|Any CPU
		{7604FBD2-4DD2-40CE-A34F-CF5D8C5DC2AB}.Release|Any CPU.ActiveCfg = Release|Any CPU
		{7604FBD2-4DD2-40CE-A34F-CF5D8C5DC2AB}.Release|Any CPU.Build.0 = Release|Any CPU
		{7604FBD2-4DD2-40CE-A34F-CF5D8C5DC2AB}.Release|x64.ActiveCfg = Release|Any CPU
		{7604FBD2-4DD2-40CE-A34F-CF5D8C5DC2AB}.Release|x64.Build.0 = Release|Any CPU
		{7604FBD2-4DD2-40CE-A34F-CF5D8C5DC2AB}.Release|x86.ActiveCfg = Release|Any CPU
		{7604FBD2-4DD2-40CE-A34F-CF5D8C5DC2AB}.Release|x86.Build.0 = Release|Any CPU
		{58C889F5-FC75-4949-9956-F83F37A1B38C}.Debug|Any CPU.ActiveCfg = Debug|Any CPU
		{58C889F5-FC75-4949-9956-F83F37A1B38C}.Debug|Any CPU.Build.0 = Debug|Any CPU
		{58C889F5-FC75-4949-9956-F83F37A1B38C}.Debug|x64.ActiveCfg = Debug|Any CPU
		{58C889F5-FC75-4949-9956-F83F37A1B38C}.Debug|x64.Build.0 = Debug|Any CPU
		{58C889F5-FC75-4949-9956-F83F37A1B38C}.Debug|x86.ActiveCfg = Debug|Any CPU
		{58C889F5-FC75-4949-9956-F83F37A1B38C}.Debug|x86.Build.0 = Debug|Any CPU
		{58C889F5-FC75-4949-9956-F83F37A1B38C}.Release|Any CPU.ActiveCfg = Release|Any CPU
		{58C889F5-FC75-4949-9956-F83F37A1B38C}.Release|Any CPU.Build.0 = Release|Any CPU
		{58C889F5-FC75-4949-9956-F83F37A1B38C}.Release|x64.ActiveCfg = Release|Any CPU
		{58C889F5-FC75-4949-9956-F83F37A1B38C}.Release|x64.Build.0 = Release|Any CPU
		{58C889F5-FC75-4949-9956-F83F37A1B38C}.Release|x86.ActiveCfg = Release|Any CPU
		{58C889F5-FC75-4949-9956-F83F37A1B38C}.Release|x86.Build.0 = Release|Any CPU
		{A66833B4-FD8A-433A-B07E-AF4AEE2420DF}.Debug|Any CPU.ActiveCfg = Debug|Any CPU
		{A66833B4-FD8A-433A-B07E-AF4AEE2420DF}.Debug|Any CPU.Build.0 = Debug|Any CPU
		{A66833B4-FD8A-433A-B07E-AF4AEE2420DF}.Debug|x64.ActiveCfg = Debug|Any CPU
		{A66833B4-FD8A-433A-B07E-AF4AEE2420DF}.Debug|x64.Build.0 = Debug|Any CPU
		{A66833B4-FD8A-433A-B07E-AF4AEE2420DF}.Debug|x86.ActiveCfg = Debug|Any CPU
		{A66833B4-FD8A-433A-B07E-AF4AEE2420DF}.Debug|x86.Build.0 = Debug|Any CPU
		{A66833B4-FD8A-433A-B07E-AF4AEE2420DF}.Release|Any CPU.ActiveCfg = Release|Any CPU
		{A66833B4-FD8A-433A-B07E-AF4AEE2420DF}.Release|Any CPU.Build.0 = Release|Any CPU
		{A66833B4-FD8A-433A-B07E-AF4AEE2420DF}.Release|x64.ActiveCfg = Release|Any CPU
		{A66833B4-FD8A-433A-B07E-AF4AEE2420DF}.Release|x64.Build.0 = Release|Any CPU
		{A66833B4-FD8A-433A-B07E-AF4AEE2420DF}.Release|x86.ActiveCfg = Release|Any CPU
		{A66833B4-FD8A-433A-B07E-AF4AEE2420DF}.Release|x86.Build.0 = Release|Any CPU
	EndGlobalSection
EndGlobal
